
Microsoft Visual Studio Solution File, Format Version 12.00
# Visual Studio Version 17
VisualStudioVersion = 17.0.31903.59
MinimumVisualStudioVersion = 10.0.40219.1
Project("{8BC9CEB8-8B4A-11D0-8D11-00A0C91BC942}") = "ChessEngine", "src\ChessEngine\ChessEngine.vcxproj", "{E4C355C1-86B5-4F83-9B38-CA35D3486C1B}"
EndProject
Project("{8BC9CEB8-8B4A-11D0-8D11-00A0C91BC942}") = "ChessGpuBackend", "src\ChessGpuBackend\ChessGpuBackend.vcxproj", "{8C0DE181-9E5B-4B77-A192-1B6737BB4F40}"
EndProject
Project("{8BC9CEB8-8B4A-11D0-8D11-00A0C91BC942}") = "ChessCudaBackend", "src\ChessCudaBackend\ChessCudaBackend.vcxproj", "{70F2A083-4F01-443E-B149-285F7B42839A}"
EndProject
Project("{8BC9CEB8-8B4A-11D0-8D11-00A0C91BC942}") = "Chess3DEngine", "src\Chess3DEngine\Chess3DEngine.vcxproj", "{D43E2469-8D91-42D0-9F53-C7B2B76A3D61}"
EndProject
Project("{8BC9CEB8-8B4A-11D0-8D11-00A0C91BC942}") = "RubikEngine", "src\RubikEngine\RubikEngine.vcxproj", "{9D3C75A2-0299-48D3-8F93-A1236DA4B71E}"
EndProject
Project("{8BC9CEB8-8B4A-11D0-8D11-00A0C91BC942}") = "Chess2DBenchmark", "src\Chess2DBenchmark\Chess2DBenchmark.vcxproj", "{33C82C50-4D67-4E11-9893-33945064234C}"
	ProjectSection(ProjectDependencies) = postProject
		{E4C355C1-86B5-4F83-9B38-CA35D3486C1B} = {E4C355C1-86B5-4F83-9B38-CA35D3486C1B}
		{8C0DE181-9E5B-4B77-A192-1B6737BB4F40} = {8C0DE181-9E5B-4B77-A192-1B6737BB4F40}
	EndProjectSection
EndProject
Project("{FAE04EC0-301F-11D3-BF4B-00C04F79EFBC}") = "ChessApp", "src\ChessApp\ChessApp.csproj", "{2F0C57C0-F02C-4EE6-A8D4-86586F7D9B20}"
	ProjectSection(ProjectDependencies) = postProject
		{E4C355C1-86B5-4F83-9B38-CA35D3486C1B} = {E4C355C1-86B5-4F83-9B38-CA35D3486C1B}
		{8C0DE181-9E5B-4B77-A192-1B6737BB4F40} = {8C0DE181-9E5B-4B77-A192-1B6737BB4F40}
	EndProjectSection
EndProject
Project("{FAE04EC0-301F-11D3-BF4B-00C04F79EFBC}") = "Chess3DApp", "src\Chess3DApp\Chess3DApp.csproj", "{A8A7D7E9-4C3F-4CF5-8E10-93448C21E07D}"
	ProjectSection(ProjectDependencies) = postProject
		{8C0DE181-9E5B-4B77-A192-1B6737BB4F40} = {8C0DE181-9E5B-4B77-A192-1B6737BB4F40}
		{D43E2469-8D91-42D0-9F53-C7B2B76A3D61} = {D43E2469-8D91-42D0-9F53-C7B2B76A3D61}
	EndProjectSection
EndProject
Project("{FAE04EC0-301F-11D3-BF4B-00C04F79EFBC}") = "RubikApp", "src\RubikApp\RubikApp.csproj", "{CDAA84D9-8068-4082-9B70-46C31542C6EA}"
	ProjectSection(ProjectDependencies) = postProject
		{9D3C75A2-0299-48D3-8F93-A1236DA4B71E} = {9D3C75A2-0299-48D3-8F93-A1236DA4B71E}
	EndProjectSection
EndProject
Project("{FAE04EC0-301F-11D3-BF4B-00C04F79EFBC}") = "ChessOnlineApp", "src\ChessOnlineApp\ChessOnlineApp.csproj", "{6DB0D2D8-1C48-453F-8A2B-65BB542F7C31}"
EndProject
Project("{FAE04EC0-301F-11D3-BF4B-00C04F79EFBC}") = "ChessOnlineProtocol", "src\ChessOnlineProtocol\ChessOnlineProtocol.csproj", "{D55C97E8-7F46-4C06-9D6E-1FE2D4B9E351}"
EndProject
Project("{FAE04EC0-301F-11D3-BF4B-00C04F79EFBC}") = "ChessOnlineServer", "src\ChessOnlineServer\ChessOnlineServer.csproj", "{F637F7F8-AB88-4BB1-A9AF-59B54753D887}"
EndProject
Project("{FAE04EC0-301F-11D3-BF4B-00C04F79EFBC}") = "ChessOnlineContractTests", "tests\ChessOnlineContractTests\ChessOnlineContractTests.csproj", "{214456E6-AE1F-4DC2-8B8B-7CC3919C36B3}"
EndProject
Project("{FAE04EC0-301F-11D3-BF4B-00C04F79EFBC}") = "ChessOnlineSignalRContractTests", "tests\ChessOnlineSignalRContractTests\ChessOnlineSignalRContractTests.csproj", "{C4E7C946-0A2C-4B20-9F6D-A477FB23EA88}"
EndProject
Project("{2150E333-8FDC-42A3-9474-1A3956D46DE8}") = "src", "src", "{827E0CD3-B72D-47B6-A68D-7590B98EB39B}"
EndProject
Project("{FAE04EC0-301F-11D3-BF4B-00C04F79EFBC}") = "ChessOnlinePersistence", "src\ChessOnlinePersistence\ChessOnlinePersistence.csproj", "{1FE98CD7-B145-405B-BF0B-2778F77083E2}"
EndProject
Project("{FAE04EC0-301F-11D3-BF4B-00C04F79EFBC}") = "ChessOnlineClient", "src\ChessOnlineClient\ChessOnlineClient.csproj", "{D6223458-4A6B-4317-828B-D7947CCFF2C9}"
EndProject
Project("{FAE04EC0-301F-11D3-BF4B-00C04F79EFBC}") = "ChessGameRecords", "src\ChessGameRecords\ChessGameRecords.csproj", "{A2B9EB2D-CAC4-413A-8BF8-6B272101B03B}"
EndProject
Project("{2150E333-8FDC-42A3-9474-1A3956D46DE8}") = "tests", "tests", "{0AB3BF05-4346-4AA6-1389-037BE0695223}"
EndProject
Project("{FAE04EC0-301F-11D3-BF4B-00C04F79EFBC}") = "ChessGameRecordsContractTests", "tests\ChessGameRecordsContractTests\ChessGameRecordsContractTests.csproj", "{F3E98712-47FE-4C7A-9D55-B57F8F0E4702}"
EndProject
Project("{FAE04EC0-301F-11D3-BF4B-00C04F79EFBC}") = "Chess2DWorkflowContractTests", "tests\Chess2DWorkflowContractTests\Chess2DWorkflowContractTests.csproj", "{B90976BA-C43E-49F8-BE47-FA8704C59E1C}"
EndProject
Global
	GlobalSection(SolutionConfigurationPlatforms) = preSolution
		Debug|x64 = Debug|x64
		Debug|Any CPU = Debug|Any CPU
		Debug|x86 = Debug|x86
		Release|x64 = Release|x64
		Release|Any CPU = Release|Any CPU
		Release|x86 = Release|x86
	EndGlobalSection
	GlobalSection(ProjectConfigurationPlatforms) = postSolution
		{E4C355C1-86B5-4F83-9B38-CA35D3486C1B}.Debug|x64.ActiveCfg = Debug|x64
		{E4C355C1-86B5-4F83-9B38-CA35D3486C1B}.Debug|x64.Build.0 = Debug|x64
		{E4C355C1-86B5-4F83-9B38-CA35D3486C1B}.Debug|Any CPU.ActiveCfg = Debug|x64
		{E4C355C1-86B5-4F83-9B38-CA35D3486C1B}.Debug|Any CPU.Build.0 = Debug|x64
		{E4C355C1-86B5-4F83-9B38-CA35D3486C1B}.Debug|x86.ActiveCfg = Debug|Win32
		{E4C355C1-86B5-4F83-9B38-CA35D3486C1B}.Debug|x86.Build.0 = Debug|Win32
		{E4C355C1-86B5-4F83-9B38-CA35D3486C1B}.Release|x64.ActiveCfg = Release|x64
		{E4C355C1-86B5-4F83-9B38-CA35D3486C1B}.Release|x64.Build.0 = Release|x64
		{E4C355C1-86B5-4F83-9B38-CA35D3486C1B}.Release|Any CPU.ActiveCfg = Release|x64
		{E4C355C1-86B5-4F83-9B38-CA35D3486C1B}.Release|Any CPU.Build.0 = Release|x64
		{E4C355C1-86B5-4F83-9B38-CA35D3486C1B}.Release|x86.ActiveCfg = Release|Win32
		{E4C355C1-86B5-4F83-9B38-CA35D3486C1B}.Release|x86.Build.0 = Release|Win32
		{8C0DE181-9E5B-4B77-A192-1B6737BB4F40}.Debug|x64.ActiveCfg = Debug|x64
		{8C0DE181-9E5B-4B77-A192-1B6737BB4F40}.Debug|x64.Build.0 = Debug|x64
		{8C0DE181-9E5B-4B77-A192-1B6737BB4F40}.Debug|Any CPU.ActiveCfg = Debug|x64
		{8C0DE181-9E5B-4B77-A192-1B6737BB4F40}.Debug|Any CPU.Build.0 = Debug|x64
		{8C0DE181-9E5B-4B77-A192-1B6737BB4F40}.Debug|x86.ActiveCfg = Debug|Win32
		{8C0DE181-9E5B-4B77-A192-1B6737BB4F40}.Debug|x86.Build.0 = Debug|Win32
		{8C0DE181-9E5B-4B77-A192-1B6737BB4F40}.Release|x64.ActiveCfg = Release|x64
		{8C0DE181-9E5B-4B77-A192-1B6737BB4F40}.Release|x64.Build.0 = Release|x64
		{8C0DE181-9E5B-4B77-A192-1B6737BB4F40}.Release|Any CPU.ActiveCfg = Release|x64
		{8C0DE181-9E5B-4B77-A192-1B6737BB4F40}.Release|Any CPU.Build.0 = Release|x64
		{8C0DE181-9E5B-4B77-A192-1B6737BB4F40}.Release|x86.ActiveCfg = Release|Win32
		{8C0DE181-9E5B-4B77-A192-1B6737BB4F40}.Release|x86.Build.0 = Release|Win32
		{70F2A083-4F01-443E-B149-285F7B42839A}.Debug|x64.ActiveCfg = Debug|x64
		{70F2A083-4F01-443E-B149-285F7B42839A}.Debug|Any CPU.ActiveCfg = Debug|x64
		{70F2A083-4F01-443E-B149-285F7B42839A}.Debug|Any CPU.Build.0 = Debug|x64
		{70F2A083-4F01-443E-B149-285F7B42839A}.Debug|x86.ActiveCfg = Debug|Win32
		{70F2A083-4F01-443E-B149-285F7B42839A}.Debug|x86.Build.0 = Debug|Win32
		{70F2A083-4F01-443E-B149-285F7B42839A}.Release|x64.ActiveCfg = Release|x64
		{70F2A083-4F01-443E-B149-285F7B42839A}.Release|Any CPU.ActiveCfg = Release|x64
		{70F2A083-4F01-443E-B149-285F7B42839A}.Release|Any CPU.Build.0 = Release|x64
		{70F2A083-4F01-443E-B149-285F7B42839A}.Release|x86.ActiveCfg = Release|Win32
		{70F2A083-4F01-443E-B149-285F7B42839A}.Release|x86.Build.0 = Release|Win32
		{D43E2469-8D91-42D0-9F53-C7B2B76A3D61}.Debug|x64.ActiveCfg = Debug|x64
		{D43E2469-8D91-42D0-9F53-C7B2B76A3D61}.Debug|x64.Build.0 = Debug|x64
		{D43E2469-8D91-42D0-9F53-C7B2B76A3D61}.Debug|Any CPU.ActiveCfg = Debug|x64
		{D43E2469-8D91-42D0-9F53-C7B2B76A3D61}.Debug|Any CPU.Build.0 = Debug|x64
		{D43E2469-8D91-42D0-9F53-C7B2B76A3D61}.Debug|x86.ActiveCfg = Debug|Win32
		{D43E2469-8D91-42D0-9F53-C7B2B76A3D61}.Debug|x86.Build.0 = Debug|Win32
		{D43E2469-8D91-42D0-9F53-C7B2B76A3D61}.Release|x64.ActiveCfg = Release|x64
		{D43E2469-8D91-42D0-9F53-C7B2B76A3D61}.Release|x64.Build.0 = Release|x64
		{D43E2469-8D91-42D0-9F53-C7B2B76A3D61}.Release|Any CPU.ActiveCfg = Release|x64
		{D43E2469-8D91-42D0-9F53-C7B2B76A3D61}.Release|Any CPU.Build.0 = Release|x64
		{D43E2469-8D91-42D0-9F53-C7B2B76A3D61}.Release|x86.ActiveCfg = Release|Win32
		{D43E2469-8D91-42D0-9F53-C7B2B76A3D61}.Release|x86.Build.0 = Release|Win32
		{9D3C75A2-0299-48D3-8F93-A1236DA4B71E}.Debug|x64.ActiveCfg = Debug|x64
		{9D3C75A2-0299-48D3-8F93-A1236DA4B71E}.Debug|x64.Build.0 = Debug|x64
		{9D3C75A2-0299-48D3-8F93-A1236DA4B71E}.Debug|Any CPU.ActiveCfg = Debug|x64
		{9D3C75A2-0299-48D3-8F93-A1236DA4B71E}.Debug|Any CPU.Build.0 = Debug|x64
		{9D3C75A2-0299-48D3-8F93-A1236DA4B71E}.Debug|x86.ActiveCfg = Debug|Win32
		{9D3C75A2-0299-48D3-8F93-A1236DA4B71E}.Debug|x86.Build.0 = Debug|Win32
		{9D3C75A2-0299-48D3-8F93-A1236DA4B71E}.Release|x64.ActiveCfg = Release|x64
		{9D3C75A2-0299-48D3-8F93-A1236DA4B71E}.Release|x64.Build.0 = Release|x64
		{9D3C75A2-0299-48D3-8F93-A1236DA4B71E}.Release|Any CPU.ActiveCfg = Release|x64
		{9D3C75A2-0299-48D3-8F93-A1236DA4B71E}.Release|Any CPU.Build.0 = Release|x64
		{9D3C75A2-0299-48D3-8F93-A1236DA4B71E}.Release|x86.ActiveCfg = Release|Win32
		{9D3C75A2-0299-48D3-8F93-A1236DA4B71E}.Release|x86.Build.0 = Release|Win32
		{33C82C50-4D67-4E11-9893-33945064234C}.Debug|x64.ActiveCfg = Debug|x64
		{33C82C50-4D67-4E11-9893-33945064234C}.Debug|x64.Build.0 = Debug|x64
		{33C82C50-4D67-4E11-9893-33945064234C}.Debug|Any CPU.ActiveCfg = Debug|x64
		{33C82C50-4D67-4E11-9893-33945064234C}.Debug|Any CPU.Build.0 = Debug|x64
		{33C82C50-4D67-4E11-9893-33945064234C}.Debug|x86.ActiveCfg = Debug|Win32
		{33C82C50-4D67-4E11-9893-33945064234C}.Debug|x86.Build.0 = Debug|Win32
		{33C82C50-4D67-4E11-9893-33945064234C}.Release|x64.ActiveCfg = Release|x64
		{33C82C50-4D67-4E11-9893-33945064234C}.Release|x64.Build.0 = Release|x64
		{33C82C50-4D67-4E11-9893-33945064234C}.Release|Any CPU.ActiveCfg = Release|x64
		{33C82C50-4D67-4E11-9893-33945064234C}.Release|Any CPU.Build.0 = Release|x64
		{33C82C50-4D67-4E11-9893-33945064234C}.Release|x86.ActiveCfg = Release|Win32
		{33C82C50-4D67-4E11-9893-33945064234C}.Release|x86.Build.0 = Release|Win32
		{2F0C57C0-F02C-4EE6-A8D4-86586F7D9B20}.Debug|x64.ActiveCfg = Debug|x64
		{2F0C57C0-F02C-4EE6-A8D4-86586F7D9B20}.Debug|x64.Build.0 = Debug|x64
		{2F0C57C0-F02C-4EE6-A8D4-86586F7D9B20}.Debug|Any CPU.ActiveCfg = Debug|Any CPU
		{2F0C57C0-F02C-4EE6-A8D4-86586F7D9B20}.Debug|Any CPU.Build.0 = Debug|Any CPU
		{2F0C57C0-F02C-4EE6-A8D4-86586F7D9B20}.Debug|x86.ActiveCfg = Debug|Any CPU
		{2F0C57C0-F02C-4EE6-A8D4-86586F7D9B20}.Debug|x86.Build.0 = Debug|Any CPU
		{2F0C57C0-F02C-4EE6-A8D4-86586F7D9B20}.Release|x64.ActiveCfg = Release|x64
		{2F0C57C0-F02C-4EE6-A8D4-86586F7D9B20}.Release|x64.Build.0 = Release|x64
		{2F0C57C0-F02C-4EE6-A8D4-86586F7D9B20}.Release|Any CPU.ActiveCfg = Release|Any CPU
		{2F0C57C0-F02C-4EE6-A8D4-86586F7D9B20}.Release|Any CPU.Build.0 = Release|Any CPU
		{2F0C57C0-F02C-4EE6-A8D4-86586F7D9B20}.Release|x86.ActiveCfg = Release|Any CPU
		{2F0C57C0-F02C-4EE6-A8D4-86586F7D9B20}.Release|x86.Build.0 = Release|Any CPU
		{A8A7D7E9-4C3F-4CF5-8E10-93448C21E07D}.Debug|x64.ActiveCfg = Debug|x64
		{A8A7D7E9-4C3F-4CF5-8E10-93448C21E07D}.Debug|x64.Build.0 = Debug|x64
		{A8A7D7E9-4C3F-4CF5-8E10-93448C21E07D}.Debug|Any CPU.ActiveCfg = Debug|Any CPU
		{A8A7D7E9-4C3F-4CF5-8E10-93448C21E07D}.Debug|Any CPU.Build.0 = Debug|Any CPU
		{A8A7D7E9-4C3F-4CF5-8E10-93448C21E07D}.Debug|x86.ActiveCfg = Debug|Any CPU
		{A8A7D7E9-4C3F-4CF5-8E10-93448C21E07D}.Debug|x86.Build.0 = Debug|Any CPU
		{A8A7D7E9-4C3F-4CF5-8E10-93448C21E07D}.Release|x64.ActiveCfg = Release|x64
		{A8A7D7E9-4C3F-4CF5-8E10-93448C21E07D}.Release|x64.Build.0 = Release|x64
		{A8A7D7E9-4C3F-4CF5-8E10-93448C21E07D}.Release|Any CPU.ActiveCfg = Release|Any CPU
		{A8A7D7E9-4C3F-4CF5-8E10-93448C21E07D}.Release|Any CPU.Build.0 = Release|Any CPU
		{A8A7D7E9-4C3F-4CF5-8E10-93448C21E07D}.Release|x86.ActiveCfg = Release|Any CPU
		{A8A7D7E9-4C3F-4CF5-8E10-93448C21E07D}.Release|x86.Build.0 = Release|Any CPU
		{CDAA84D9-8068-4082-9B70-46C31542C6EA}.Debug|x64.ActiveCfg = Debug|x64
		{CDAA84D9-8068-4082-9B70-46C31542C6EA}.Debug|x64.Build.0 = Debug|x64
		{CDAA84D9-8068-4082-9B70-46C31542C6EA}.Debug|Any CPU.ActiveCfg = Debug|Any CPU
		{CDAA84D9-8068-4082-9B70-46C31542C6EA}.Debug|Any CPU.Build.0 = Debug|Any CPU
		{CDAA84D9-8068-4082-9B70-46C31542C6EA}.Debug|x86.ActiveCfg = Debug|Any CPU
		{CDAA84D9-8068-4082-9B70-46C31542C6EA}.Debug|x86.Build.0 = Debug|Any CPU
		{CDAA84D9-8068-4082-9B70-46C31542C6EA}.Release|x64.ActiveCfg = Release|x64
		{CDAA84D9-8068-4082-9B70-46C31542C6EA}.Release|x64.Build.0 = Release|x64
		{CDAA84D9-8068-4082-9B70-46C31542C6EA}.Release|Any CPU.ActiveCfg = Release|Any CPU
		{CDAA84D9-8068-4082-9B70-46C31542C6EA}.Release|Any CPU.Build.0 = Release|Any CPU
		{CDAA84D9-8068-4082-9B70-46C31542C6EA}.Release|x86.ActiveCfg = Release|Any CPU
		{CDAA84D9-8068-4082-9B70-46C31542C6EA}.Release|x86.Build.0 = Release|Any CPU
		{6DB0D2D8-1C48-453F-8A2B-65BB542F7C31}.Debug|x64.ActiveCfg = Debug|x64
		{6DB0D2D8-1C48-453F-8A2B-65BB542F7C31}.Debug|x64.Build.0 = Debug|x64
		{6DB0D2D8-1C48-453F-8A2B-65BB542F7C31}.Debug|Any CPU.ActiveCfg = Debug|Any CPU
		{6DB0D2D8-1C48-453F-8A2B-65BB542F7C31}.Debug|Any CPU.Build.0 = Debug|Any CPU
		{6DB0D2D8-1C48-453F-8A2B-65BB542F7C31}.Debug|x86.ActiveCfg = Debug|Any CPU
		{6DB0D2D8-1C48-453F-8A2B-65BB542F7C31}.Debug|x86.Build.0 = Debug|Any CPU
		{6DB0D2D8-1C48-453F-8A2B-65BB542F7C31}.Release|x64.ActiveCfg = Release|x64
		{6DB0D2D8-1C48-453F-8A2B-65BB542F7C31}.Release|x64.Build.0 = Release|x64
		{6DB0D2D8-1C48-453F-8A2B-65BB542F7C31}.Release|Any CPU.ActiveCfg = Release|Any CPU
		{6DB0D2D8-1C48-453F-8A2B-65BB542F7C31}.Release|Any CPU.Build.0 = Release|Any CPU
		{6DB0D2D8-1C48-453F-8A2B-65BB542F7C31}.Release|x86.ActiveCfg = Release|Any CPU
		{6DB0D2D8-1C48-453F-8A2B-65BB542F7C31}.Release|x86.Build.0 = Release|Any CPU
		{D55C97E8-7F46-4C06-9D6E-1FE2D4B9E351}.Debug|x64.ActiveCfg = Debug|x64
		{D55C97E8-7F46-4C06-9D6E-1FE2D4B9E351}.Debug|x64.Build.0 = Debug|x64
		{D55C97E8-7F46-4C06-9D6E-1FE2D4B9E351}.Debug|Any CPU.ActiveCfg = Debug|Any CPU
		{D55C97E8-7F46-4C06-9D6E-1FE2D4B9E351}.Debug|Any CPU.Build.0 = Debug|Any CPU
		{D55C97E8-7F46-4C06-9D6E-1FE2D4B9E351}.Debug|x86.ActiveCfg = Debug|Any CPU
		{D55C97E8-7F46-4C06-9D6E-1FE2D4B9E351}.Debug|x86.Build.0 = Debug|Any CPU
		{D55C97E8-7F46-4C06-9D6E-1FE2D4B9E351}.Release|x64.ActiveCfg = Release|x64
		{D55C97E8-7F46-4C06-9D6E-1FE2D4B9E351}.Release|x64.Build.0 = Release|x64
		{D55C97E8-7F46-4C06-9D6E-1FE2D4B9E351}.Release|Any CPU.ActiveCfg = Release|Any CPU
		{D55C97E8-7F46-4C06-9D6E-1FE2D4B9E351}.Release|Any CPU.Build.0 = Release|Any CPU
		{D55C97E8-7F46-4C06-9D6E-1FE2D4B9E351}.Release|x86.ActiveCfg = Release|Any CPU
		{D55C97E8-7F46-4C06-9D6E-1FE2D4B9E351}.Release|x86.Build.0 = Release|Any CPU
		{F637F7F8-AB88-4BB1-A9AF-59B54753D887}.Debug|x64.ActiveCfg = Debug|x64
		{F637F7F8-AB88-4BB1-A9AF-59B54753D887}.Debug|x64.Build.0 = Debug|x64
		{F637F7F8-AB88-4BB1-A9AF-59B54753D887}.Debug|Any CPU.ActiveCfg = Debug|Any CPU
		{F637F7F8-AB88-4BB1-A9AF-59B54753D887}.Debug|Any CPU.Build.0 = Debug|Any CPU
		{F637F7F8-AB88-4BB1-A9AF-59B54753D887}.Debug|x86.ActiveCfg = Debug|Any CPU
		{F637F7F8-AB88-4BB1-A9AF-59B54753D887}.Debug|x86.Build.0 = Debug|Any CPU
		{F637F7F8-AB88-4BB1-A9AF-59B54753D887}.Release|x64.ActiveCfg = Release|x64
		{F637F7F8-AB88-4BB1-A9AF-59B54753D887}.Release|x64.Build.0 = Release|x64
		{F637F7F8-AB88-4BB1-A9AF-59B54753D887}.Release|Any CPU.ActiveCfg = Release|Any CPU
		{F637F7F8-AB88-4BB1-A9AF-59B54753D887}.Release|Any CPU.Build.0 = Release|Any CPU
		{F637F7F8-AB88-4BB1-A9AF-59B54753D887}.Release|x86.ActiveCfg = Release|Any CPU
		{F637F7F8-AB88-4BB1-A9AF-59B54753D887}.Release|x86.Build.0 = Release|Any CPU
		{214456E6-AE1F-4DC2-8B8B-7CC3919C36B3}.Debug|x64.ActiveCfg = Debug|x64
		{214456E6-AE1F-4DC2-8B8B-7CC3919C36B3}.Debug|x64.Build.0 = Debug|x64
		{214456E6-AE1F-4DC2-8B8B-7CC3919C36B3}.Debug|Any CPU.ActiveCfg = Debug|Any CPU
		{214456E6-AE1F-4DC2-8B8B-7CC3919C36B3}.Debug|Any CPU.Build.0 = Debug|Any CPU
		{214456E6-AE1F-4DC2-8B8B-7CC3919C36B3}.Debug|x86.ActiveCfg = Debug|Any CPU
		{214456E6-AE1F-4DC2-8B8B-7CC3919C36B3}.Debug|x86.Build.0 = Debug|Any CPU
		{214456E6-AE1F-4DC2-8B8B-7CC3919C36B3}.Release|x64.ActiveCfg = Release|x64
		{214456E6-AE1F-4DC2-8B8B-7CC3919C36B3}.Release|x64.Build.0 = Release|x64
		{214456E6-AE1F-4DC2-8B8B-7CC3919C36B3}.Release|Any CPU.ActiveCfg = Release|Any CPU
		{214456E6-AE1F-4DC2-8B8B-7CC3919C36B3}.Release|Any CPU.Build.0 = Release|Any CPU
		{214456E6-AE1F-4DC2-8B8B-7CC3919C36B3}.Release|x86.ActiveCfg = Release|Any CPU
		{214456E6-AE1F-4DC2-8B8B-7CC3919C36B3}.Release|x86.Build.0 = Release|Any CPU
		{C4E7C946-0A2C-4B20-9F6D-A477FB23EA88}.Debug|x64.ActiveCfg = Debug|x64
		{C4E7C946-0A2C-4B20-9F6D-A477FB23EA88}.Debug|x64.Build.0 = Debug|x64
		{C4E7C946-0A2C-4B20-9F6D-A477FB23EA88}.Debug|Any CPU.ActiveCfg = Debug|Any CPU
		{C4E7C946-0A2C-4B20-9F6D-A477FB23EA88}.Debug|Any CPU.Build.0 = Debug|Any CPU
		{C4E7C946-0A2C-4B20-9F6D-A477FB23EA88}.Debug|x86.ActiveCfg = Debug|Any CPU
		{C4E7C946-0A2C-4B20-9F6D-A477FB23EA88}.Debug|x86.Build.0 = Debug|Any CPU
		{C4E7C946-0A2C-4B20-9F6D-A477FB23EA88}.Release|x64.ActiveCfg = Release|x64
		{C4E7C946-0A2C-4B20-9F6D-A477FB23EA88}.Release|x64.Build.0 = Release|x64
		{C4E7C946-0A2C-4B20-9F6D-A477FB23EA88}.Release|Any CPU.ActiveCfg = Release|Any CPU
		{C4E7C946-0A2C-4B20-9F6D-A477FB23EA88}.Release|Any CPU.Build.0 = Release|Any CPU
		{C4E7C946-0A2C-4B20-9F6D-A477FB23EA88}.Release|x86.ActiveCfg = Release|Any CPU
		{C4E7C946-0A2C-4B20-9F6D-A477FB23EA88}.Release|x86.Build.0 = Release|Any CPU
		{1FE98CD7-B145-405B-BF0B-2778F77083E2}.Debug|x64.ActiveCfg = Debug|x64
		{1FE98CD7-B145-405B-BF0B-2778F77083E2}.Debug|x64.Build.0 = Debug|x64
		{1FE98CD7-B145-405B-BF0B-2778F77083E2}.Debug|Any CPU.ActiveCfg = Debug|x64
		{1FE98CD7-B145-405B-BF0B-2778F77083E2}.Debug|Any CPU.Build.0 = Debug|x64
		{1FE98CD7-B145-405B-BF0B-2778F77083E2}.Debug|x86.ActiveCfg = Debug|x64
		{1FE98CD7-B145-405B-BF0B-2778F77083E2}.Debug|x86.Build.0 = Debug|x64
		{1FE98CD7-B145-405B-BF0B-2778F77083E2}.Release|x64.ActiveCfg = Release|x64
		{1FE98CD7-B145-405B-BF0B-2778F77083E2}.Release|x64.Build.0 = Release|x64
		{1FE98CD7-B145-405B-BF0B-2778F77083E2}.Release|Any CPU.ActiveCfg = Release|x64
		{1FE98CD7-B145-405B-BF0B-2778F77083E2}.Release|Any CPU.Build.0 = Release|x64
		{1FE98CD7-B145-405B-BF0B-2778F77083E2}.Release|x86.ActiveCfg = Release|x64
		{1FE98CD7-B145-405B-BF0B-2778F77083E2}.Release|x86.Build.0 = Release|x64
		{D6223458-4A6B-4317-828B-D7947CCFF2C9}.Debug|x64.ActiveCfg = Debug|x64
		{D6223458-4A6B-4317-828B-D7947CCFF2C9}.Debug|x64.Build.0 = Debug|x64
		{D6223458-4A6B-4317-828B-D7947CCFF2C9}.Debug|Any CPU.ActiveCfg = Debug|x64
		{D6223458-4A6B-4317-828B-D7947CCFF2C9}.Debug|Any CPU.Build.0 = Debug|x64
		{D6223458-4A6B-4317-828B-D7947CCFF2C9}.Debug|x86.ActiveCfg = Debug|x64
		{D6223458-4A6B-4317-828B-D7947CCFF2C9}.Debug|x86.Build.0 = Debug|x64
		{D6223458-4A6B-4317-828B-D7947CCFF2C9}.Release|x64.ActiveCfg = Release|x64
		{D6223458-4A6B-4317-828B-D7947CCFF2C9}.Release|x64.Build.0 = Release|x64
		{D6223458-4A6B-4317-828B-D7947CCFF2C9}.Release|Any CPU.ActiveCfg = Release|x64
		{D6223458-4A6B-4317-828B-D7947CCFF2C9}.Release|Any CPU.Build.0 = Release|x64
		{D6223458-4A6B-4317-828B-D7947CCFF2C9}.Release|x86.ActiveCfg = Release|x64
		{D6223458-4A6B-4317-828B-D7947CCFF2C9}.Release|x86.Build.0 = Release|x64
		{A2B9EB2D-CAC4-413A-8BF8-6B272101B03B}.Debug|x64.ActiveCfg = Debug|Any CPU
		{A2B9EB2D-CAC4-413A-8BF8-6B272101B03B}.Debug|x64.Build.0 = Debug|Any CPU
		{A2B9EB2D-CAC4-413A-8BF8-6B272101B03B}.Debug|Any CPU.ActiveCfg = Debug|Any CPU
		{A2B9EB2D-CAC4-413A-8BF8-6B272101B03B}.Debug|Any CPU.Build.0 = Debug|Any CPU
		{A2B9EB2D-CAC4-413A-8BF8-6B272101B03B}.Debug|x86.ActiveCfg = Debug|Any CPU
		{A2B9EB2D-CAC4-413A-8BF8-6B272101B03B}.Debug|x86.Build.0 = Debug|Any CPU
		{A2B9EB2D-CAC4-413A-8BF8-6B272101B03B}.Release|x64.ActiveCfg = Release|Any CPU
		{A2B9EB2D-CAC4-413A-8BF8-6B272101B03B}.Release|x64.Build.0 = Release|Any CPU
		{A2B9EB2D-CAC4-413A-8BF8-6B272101B03B}.Release|Any CPU.ActiveCfg = Release|Any CPU
		{A2B9EB2D-CAC4-413A-8BF8-6B272101B03B}.Release|Any CPU.Build.0 = Release|Any CPU
		{A2B9EB2D-CAC4-413A-8BF8-6B272101B03B}.Release|x86.ActiveCfg = Release|Any CPU
		{A2B9EB2D-CAC4-413A-8BF8-6B272101B03B}.Release|x86.Build.0 = Release|Any CPU
		{F3E98712-47FE-4C7A-9D55-B57F8F0E4702}.Debug|x64.ActiveCfg = Debug|x64
		{F3E98712-47FE-4C7A-9D55-B57F8F0E4702}.Debug|x64.Build.0 = Debug|x64
		{F3E98712-47FE-4C7A-9D55-B57F8F0E4702}.Debug|Any CPU.ActiveCfg = Debug|x64
		{F3E98712-47FE-4C7A-9D55-B57F8F0E4702}.Debug|Any CPU.Build.0 = Debug|x64
		{F3E98712-47FE-4C7A-9D55-B57F8F0E4702}.Debug|x86.ActiveCfg = Debug|x64
		{F3E98712-47FE-4C7A-9D55-B57F8F0E4702}.Debug|x86.Build.0 = Debug|x64
		{F3E98712-47FE-4C7A-9D55-B57F8F0E4702}.Release|x64.ActiveCfg = Release|x64
		{F3E98712-47FE-4C7A-9D55-B57F8F0E4702}.Release|x64.Build.0 = Release|x64
		{F3E98712-47FE-4C7A-9D55-B57F8F0E4702}.Release|Any CPU.ActiveCfg = Release|x64
		{F3E98712-47FE-4C7A-9D55-B57F8F0E4702}.Release|Any CPU.Build.0 = Release|x64
		{F3E98712-47FE-4C7A-9D55-B57F8F0E4702}.Release|x86.ActiveCfg = Release|x64
		{F3E98712-47FE-4C7A-9D55-B57F8F0E4702}.Release|x86.Build.0 = Release|x64
		{B90976BA-C43E-49F8-BE47-FA8704C59E1C}.Debug|x64.ActiveCfg = Debug|x64
		{B90976BA-C43E-49F8-BE47-FA8704C59E1C}.Debug|x64.Build.0 = Debug|x64
		{B90976BA-C43E-49F8-BE47-FA8704C59E1C}.Debug|Any CPU.ActiveCfg = Debug|x64
		{B90976BA-C43E-49F8-BE47-FA8704C59E1C}.Debug|Any CPU.Build.0 = Debug|x64
		{B90976BA-C43E-49F8-BE47-FA8704C59E1C}.Debug|x86.ActiveCfg = Debug|x64
		{B90976BA-C43E-49F8-BE47-FA8704C59E1C}.Debug|x86.Build.0 = Debug|x64
		{B90976BA-C43E-49F8-BE47-FA8704C59E1C}.Release|x64.ActiveCfg = Release|x64
		{B90976BA-C43E-49F8-BE47-FA8704C59E1C}.Release|x64.Build.0 = Release|x64
		{B90976BA-C43E-49F8-BE47-FA8704C59E1C}.Release|Any CPU.ActiveCfg = Release|x64
		{B90976BA-C43E-49F8-BE47-FA8704C59E1C}.Release|Any CPU.Build.0 = Release|x64
		{B90976BA-C43E-49F8-BE47-FA8704C59E1C}.Release|x86.ActiveCfg = Release|x64
		{B90976BA-C43E-49F8-BE47-FA8704C59E1C}.Release|x86.Build.0 = Release|x64
	EndGlobalSection
	GlobalSection(SolutionProperties) = preSolution
		HideSolutionNode = FALSE
	EndGlobalSection
	GlobalSection(NestedProjects) = preSolution
		{1FE98CD7-B145-405B-BF0B-2778F77083E2} = {827E0CD3-B72D-47B6-A68D-7590B98EB39B}
		{D6223458-4A6B-4317-828B-D7947CCFF2C9} = {827E0CD3-B72D-47B6-A68D-7590B98EB39B}
		{A2B9EB2D-CAC4-413A-8BF8-6B272101B03B} = {827E0CD3-B72D-47B6-A68D-7590B98EB39B}
		{F3E98712-47FE-4C7A-9D55-B57F8F0E4702} = {0AB3BF05-4346-4AA6-1389-037BE0695223}
		{B90976BA-C43E-49F8-BE47-FA8704C59E1C} = {0AB3BF05-4346-4AA6-1389-037BE0695223}
	EndGlobalSection
EndGlobal
